version = 1
revision = 3
requires-python = ">=3.14"

[[package]]
name = "asgiref"
version = "3.11.1"
source = { registry = "https://pypi.org/simple" }
sdist = { url = "https://files.pythonhosted.org/packages/63/40/f03da1264ae8f7cfdbf9146542e5e7e8100a4c66ab48e791df9a03d3f6c0/asgiref-3.11.1.tar.gz", hash = "sha256:5f184dc43b7e763efe848065441eac62229c9f7b0475f41f80e207a114eda4ce", size = 38550, upload-time = "2026-02-03T13:30:14.33Z" }
wheels = [
    { url = "https://files.pythonhosted.org/packages/5c/0a/a72d10ed65068e115044937873362e6e32fab1b7dce0046aeb224682c989/asgiref-3.11.1-py3-none-any.whl", hash = "sha256:e8667a091e69529631969fd45dc268fa79b99c92c5fcdda727757e52146ec133", size = 24345, upload-time = "2026-02-03T13:30:13.039Z" },
]

[[package]]
name = "backend"
version = "0.1.0"
source = { virtual = "." }
dependencies = [
    { name = "dj-database-url" },
    { name = "django" },
    { name = "django-cors-headers" },
    { name = "djangorestframework" },
    { name = "psycopg2-binary" },
    { name = "python-dotenv" },
    { name = "xgboost" },
]

[package.metadata]
requires-dist = [
    { name = "dj-database-url", specifier = ">=3.1.2" },
    { name = "django", specifier = ">=6.0.3" },
    { name = "django-cors-headers", specifier = ">=4.9.0" },
    { name = "djangorestframework", specifier = ">=3.17.1" },
    { name = "psycopg2-binary", specifier = ">=2.9.11" },
    { name = "python-dotenv", specifier = ">=1.2.2" },
    { name = "xgboost", specifier = ">=3.2.0" },
]

[[package]]
name = "dj-database-url"
version = "3.1.2"
source = { registry = "https://pypi.org/simple" }
dependencies = [
    { name = "django" },
]
sdist = { url = "https://files.pythonhosted.org/packages/03/f6/00b625e9d371b980aa261011d0dc906a16444cb688f94215e0dc86996eb5/dj_database_url-3.1.2.tar.gz", hash = "sha256:63c20e4bbaa51690dfd4c8d189521f6bf6bc9da9fcdb23d95d2ee8ee87f9ec62", size = 11490, upload-time = "2026-02-19T15:30:23.638Z" }
wheels = [
    { url = "https://files.pythonhosted.org/packages/cf/a9/57c66006373381f1d3e5bd94216f1d371228a89f443d3030e010f73dd198/dj_database_url-3.1.2-py3-none-any.whl", hash = "sha256:544e015fee3efa5127a1eb1cca465f4ace578265b3671fe61d0ed7dbafb5ec8a", size = 8953, upload-time = "2026-02-19T15:30:39.37Z" },
]

[[package]]
name = "django"
version = "6.0.3"
source = { registry = "https://pypi.org/simple" }
dependencies = [
    { name = "asgiref" },
    { name = "sqlparse" },
    { name = "tzdata", marker = "sys_platform == 'win32'" },
]
sdist = { url = "https://files.pythonhosted.org/packages/80/e1/894115c6bd70e2c8b66b0c40a3c367d83a5a48c034a4d904d31b62f7c53a/django-6.0.3.tar.gz", hash = "sha256:90be765ee756af8a6cbd6693e56452404b5ad15294f4d5e40c0a55a0f4870fe1", size = 10872701, upload-time = "2026-03-03T13:55:15.026Z" }
wheels = [
    { url = "https://files.pythonhosted.org/packages/72/b1/23f2556967c45e34d3d3cf032eb1bd3ef925ee458667fb99052a0b3ea3a6/django-6.0.3-py3-none-any.whl", hash = "sha256:2e5974441491ddb34c3f13d5e7a9f97b07ba03bf70234c0a9c68b79bbb235bc3", size = 8358527, upload-time = "2026-03-03T13:55:10.552Z" },
]

[[package]]
name = "django-cors-headers"
version = "4.9.0"
source = { registry = "https://pypi.org/simple" }
dependencies = [
    { name = "asgiref" },
    { name = "django" },
]
sdist = { url = "https://files.pythonhosted.org/packages/21/39/55822b15b7ec87410f34cd16ce04065ff390e50f9e29f31d6d116fc80456/django_cors_headers-4.9.0.tar.gz", hash = "sha256:fe5d7cb59fdc2c8c646ce84b727ac2bca8912a247e6e68e1fb507372178e59e8", size = 21458, upload-time = "2025-09-18T10:40:52.326Z" }
wheels = [
    { url = "https://files.pythonhosted.org/packages/30/d8/19ed1e47badf477d17fb177c1c19b5a21da0fd2d9f093f23be3fb86c5fab/django_cors_headers-4.9.0-py3-none-any.whl", hash = "sha256:15c7f20727f90044dcee2216a9fd7303741a864865f0c3657e28b7056f61b449", size = 12809, upload-time = "2025-09-18T10:40:50.843Z" },
]

[[package]]
name = "djangorestframework"
version = "3.17.1"
source = { registry = "https://pypi.org/simple" }
dependencies = [
    { name = "django" },
]
sdist = { url = "https://files.pythonhosted.org/packages/ca/d7/c016e69fac19ff8afdc89db9d31d9ae43ae031e4d1993b20aca179b8301a/djangorestframework-3.17.1.tar.gz", hash = "sha256:a6def5f447fe78ff853bff1d47a3c59bf38f5434b031780b351b0c73a62db1a5", size = 905742, upload-time = "2026-03-24T16:58:33.705Z" }
wheels = [
    { url = "https://files.pythonhosted.org/packages/5a/e1/2c516bdc83652b1a60c6119366ac2c0607b479ed05cd6093f916ca8928f8/djangorestframework-3.17.1-py3-none-any.whl", hash = "sha256:c3c74dd3e83a5a3efc37b3c18d92bd6f86a6791c7b7d4dff62bb068500e76457", size = 898844, upload-time = "2026-03-24T16:58:31.845Z" },
]

[[package]]
name = "numpy"
version = "2.4.4"
source = { registry = "https://pypi.org/simple" }
sdist = { url = "https://files.pythonhosted.org/packages/d7/9f/b8cef5bffa569759033adda9481211426f12f53299629b410340795c2514/numpy-2.4.4.tar.gz", hash = "sha256:2d390634c5182175533585cc89f3608a4682ccb173cc9bb940b2881c8d6f8fa0", size = 20731587, upload-time = "2026-03-29T13:22:01.298Z" }
wheels = [
    { url = "https://files.pythonhosted.org/packages/6e/06/c54062f85f673dd5c04cbe2f14c3acb8c8b95e3384869bb8cc9bff8cb9df/numpy-2.4.4-cp314-cp314-macosx_10_15_x86_64.whl", hash = "sha256:f169b9a863d34f5d11b8698ead99febeaa17a13ca044961aa8e2662a6c7766a0", size = 16684353, upload-time = "2026-03-29T13:20:29.504Z" },
    { url = "https://files.pythonhosted.org/packages/4c/39/8a320264a84404c74cc7e79715de85d6130fa07a0898f67fb5cd5bd79908/numpy-2.4.4-cp314-cp314-macosx_11_0_arm64.whl", hash = "sha256:2483e4584a1cb3092da4470b38866634bafb223cbcd551ee047633fd2584599a", size = 14704914, upload-time = "2026-03-29T13:20:33.547Z" },
    { url = "https://files.pythonhosted.org/packages/91/fb/287076b2614e1d1044235f50f03748f31fa287e3dbe6abeb35cdfa351eca/numpy-2.4.4-cp314-cp314-macosx_14_0_arm64.whl", hash = "sha256:2d19e6e2095506d1736b7d80595e0f252d76b89f5e715c35e06e937679ea7d7a", size = 5210005, upload-time = "2026-03-29T13:20:36.45Z" },
    { url = "https://files.pythonhosted.org/packages/63/eb/fcc338595309910de6ecabfcef2419a9ce24399680bfb149421fa2df1280/numpy-2.4.4-cp314-cp314-macosx_14_0_x86_64.whl", hash = "sha256:6a246d5914aa1c820c9443ddcee9c02bec3e203b0c080349533fae17727dfd1b", size = 6544974, upload-time = "2026-03-29T13:20:39.014Z" },
    { url = "https://files.pythonhosted.org/packages/44/5d/e7e9044032a716cdfaa3fba27a8e874bf1c5f1912a1ddd4ed071bf8a14a6/numpy-2.4.4-cp314-cp314-manylinux_2_27_aarch64.manylinux_2_28_aarch64.whl", hash = "sha256:989824e9faf85f96ec9c7761cd8d29c531ad857bfa1daa930cba85baaecf1a9a", size = 15684591, upload-time = "2026-03-29T13:20:42.146Z" },
    { url = "https://files.pythonhosted.org/packages/98/7c/21252050676612625449b4807d6b695b9ce8a7c9e1c197ee6216c8a65c7c/numpy-2.4.4-cp314-cp314-manylinux_2_27_x86_64.manylinux_2_28_x86_64.whl", hash = "sha256:27a8d92cd10f1382a67d7cf4db7ce18341b66438bdd9f691d7b0e48d104c2a9d", size = 16637700, upload-time = "2026-03-29T13:20:46.204Z" },
    { url = "https://files.pythonhosted.org/packages/b1/29/56d2bbef9465db24ef25393383d761a1af4f446a1df9b8cded4fe3a5a5d7/numpy-2.4.4-cp314-cp314-musllinux_1_2_aarch64.whl", hash = "sha256:e44319a2953c738205bf3354537979eaa3998ed673395b964c1176083dd46252", size = 17035781, upload-time = "2026-03-29T13:20:50.242Z" },
    { url = "https://files.pythonhosted.org/packages/e3/2b/a35a6d7589d21f44cea7d0a98de5ddcbb3d421b2622a5c96b1edf18707c3/numpy-2.4.4-cp314-cp314-musllinux_1_2_x86_64.whl", hash = "sha256:e892aff75639bbef0d2a2cfd55535510df26ff92f63c92cd84ef8d4ba5a5557f", size = 18362959, upload-time = "2026-03-29T13:20:54.019Z" },
    { url = "https://files.pythonhosted.org/packages/64/c9/d52ec581f2390e0f5f85cbfd80fb83d965fc15e9f0e1aec2195faa142cde/numpy-2.4.4-cp314-cp314-win32.whl", hash = "sha256:1378871da56ca8943c2ba674530924bb8ca40cd228358a3b5f302ad60cf875fc", size = 6008768, upload-time = "2026-03-29T13:20:56.912Z" },
    { url = "https://files.pythonhosted.org/packages/fa/22/4cc31a62a6c7b74a8730e31a4274c5dc80e005751e277a2ce38e675e4923/numpy-2.4.4-cp314-cp314-win_amd64.whl", hash = "sha256:715d1c092715954784bc79e1174fc2a90093dc4dc84ea15eb14dad8abdcdeb74", size = 12449181, upload-time = "2026-03-29T13:20:59.548Z" },
    { url = "https://files.pythonhosted.org/packages/70/2e/14cda6f4d8e396c612d1bf97f22958e92148801d7e4f110cabebdc0eef4b/numpy-2.4.4-cp314-cp314-win_arm64.whl", hash = "sha256:2c194dd721e54ecad9ad387c1d35e63dce5c4450c6dc7dd5611283dda239aabb", size = 10496035, upload-time = "2026-03-29T13:21:02.524Z" },
    { url = "https://files.pythonhosted.org/packages/b1/e8/8fed8c8d848d7ecea092dc3469643f9d10bc3a134a815a3b033da1d2039b/numpy-2.4.4-cp314-cp314t-macosx_11_0_arm64.whl", hash = "sha256:2aa0613a5177c264ff5921051a5719d20095ea586ca88cc802c5c218d1c67d3e", size = 14824958, upload-time = "2026-03-29T13:21:05.671Z" },
    { url = "https://files.pythonhosted.org/packages/05/1a/d8007a5138c179c2bf33ef44503e83d70434d2642877ee8fbb230e7c0548/numpy-2.4.4-cp314-cp314t-macosx_14_0_arm64.whl", hash = "sha256:42c16925aa5a02362f986765f9ebabf20de75cdefdca827d14315c568dcab113", size = 5330020, upload-time = "2026-03-29T13:21:08.635Z" },
    { url = "https://files.pythonhosted.org/packages/99/64/ffb99ac6ae93faf117bcbd5c7ba48a7f45364a33e8e458545d3633615dda/numpy-2.4.4-cp314-cp314t-macosx_14_0_x86_64.whl", hash = "sha256:874f200b2a981c647340f841730fc3a2b54c9d940566a3c4149099591e2c4c3d", size = 6650758, upload-time = "2026-03-29T13:21:10.949Z" },
    { url = "https://files.pythonhosted.org/packages/6e/6e/795cc078b78a384052e73b2f6281ff7a700e9bf53bcce2ee579d4f6dd879/numpy-2.4.4-cp314-cp314t-manylinux_2_27_aarch64.manylinux_2_28_aarch64.whl", hash = "sha256:c9b39d38a9bd2ae1becd7eac1303d031c5c110ad31f2b319c6e7d98b135c934d", size = 15729948, upload-time = "2026-03-29T13:21:14.047Z" },
    { url = "https://files.pythonhosted.org/packages/5f/86/2acbda8cc2af5f3d7bfc791192863b9e3e19674da7b5e533fded124d1299/numpy-2.4.4-cp314-cp314t-manylinux_2_27_x86_64.manylinux_2_28_x86_64.whl", hash = "sha256:b268594bccac7d7cf5844c7732e3f20c50921d94e36d7ec9b79e9857694b1b2f", size = 16679325, upload-time = "2026-03-29T13:21:17.561Z" },
    { url = "https://files.pythonhosted.org/packages/bc/59/cafd83018f4aa55e0ac6fa92aa066c0a1877b77a615ceff1711c260ffae8/numpy-2.4.4-cp314-cp314t-musllinux_1_2_aarch64.whl", hash = "sha256:ac6b31e35612a26483e20750126d30d0941f949426974cace8e6b5c58a3657b0", size = 17084883, upload-time = "2026-03-29T13:21:21.106Z" },
    { url = "https://files.pythonhosted.org/packages/f0/85/a42548db84e65ece46ab2caea3d3f78b416a47af387fcbb47ec28e660dc2/numpy-2.4.4-cp314-cp314t-musllinux_1_2_x86_64.whl", hash = "sha256:8e3ed142f2728df44263aaf5fb1f5b0b99f4070c553a0d7f033be65338329150", size = 18403474, upload-time = "2026-03-29T13:21:24.828Z" },
    { url = "https://files.pythonhosted.org/packages/ed/ad/483d9e262f4b831000062e5d8a45e342166ec8aaa1195264982bca267e62/numpy-2.4.4-cp314-cp314t-win32.whl", hash = "sha256:dddbbd259598d7240b18c9d87c56a9d2fb3b02fe266f49a7c101532e78c1d871", size = 6155500, upload-time = "2026-03-29T13:21:28.205Z" },
    { url = "https://files.pythonhosted.org/packages/c7/03/2fc4e14c7bd4ff2964b74ba90ecb8552540b6315f201df70f137faa5c589/numpy-2.4.4-cp314-cp314t-win_amd64.whl", hash = "sha256:a7164afb23be6e37ad90b2f10426149fd75aee07ca55653d2aa41e66c4ef697e", size = 12637755, upload-time = "2026-03-29T13:21:31.107Z" },
    { url = "https://files.pythonhosted.org/packages/58/78/548fb8e07b1a341746bfbecb32f2c268470f45fa028aacdbd10d9bc73aab/numpy-2.4.4-cp314-cp314t-win_arm64.whl", hash = "sha256:ba203255017337d39f89bdd58417f03c4426f12beed0440cfd933cb15f8669c7", size = 10566643, upload-time = "2026-03-29T13:21:34.339Z" },
]

[[package]]
name = "nvidia-nccl-cu12"
version = "2.29.7"
source = { registry = "https://pypi.org/simple" }
wheels = [
    { url = "https://files.pythonhosted.org/packages/20/cc/f48875411d1f176bce58e6343fd5d4131fc1db5420719ff25944bdc006c6/nvidia_nccl_cu12-2.29.7-py3-none-manylinux_2_18_aarch64.whl", hash = "sha256:0cf032ee22b560447daf0456108a75e32bd74a4de6c6b64725637a359fa48cd8", size = 293563644, upload-time = "2026-03-03T05:34:46.166Z" },
    { url = "https://files.pythonhosted.org/packages/31/1e/9e366f36efc550f07d6737f199e3f6bffafdf28795d007f10a77dd274f5c/nvidia_nccl_cu12-2.29.7-py3-none-manylinux_2_18_x86_64.whl", hash = "sha256:ecd0a012051abc20c1aa87328841efa8cade3ced65803046e38c2f03c0891fea", size = 293633942, upload-time = "2026-03-03T05:37:05.625Z" },
]

[[package]]
name = "psycopg2-binary"
version = "2.9.11"
source = { registry = "https://pypi.org/simple" }
sdist = { url = "https://files.pythonhosted.org/packages/ac/6c/8767aaa597ba424643dc87348c6f1754dd9f48e80fdc1b9f7ca5c3a7c213/psycopg2-binary-2.9.11.tar.gz", hash = "sha256:b6aed9e096bf63f9e75edf2581aa9a7e7186d97ab5c177aa6c87797cd591236c", size = 379620, upload-time = "2025-10-10T11:14:48.041Z" }
wheels = [
    { url = "https://files.pythonhosted.org/packages/64/12/93ef0098590cf51d9732b4f139533732565704f45bdc1ffa741b7c95fb54/psycopg2_binary-2.9.11-cp314-cp314-macosx_10_13_x86_64.whl", hash = "sha256:92e3b669236327083a2e33ccfa0d320dd01b9803b3e14dd986a4fc54aa00f4e1", size = 3756567, upload-time = "2025-10-10T11:13:11.885Z" },
    { url = "https://files.pythonhosted.org/packages/7c/a9/9d55c614a891288f15ca4b5209b09f0f01e3124056924e17b81b9fa054cc/psycopg2_binary-2.9.11-cp314-cp314-macosx_11_0_arm64.whl", hash = "sha256:e0deeb03da539fa3577fcb0b3f2554a97f7e5477c246098dbb18091a4a01c16f", size = 3864755, upload-time = "2025-10-10T11:13:17.727Z" },
    { url = "https://files.pythonhosted.org/packages/13/1e/98874ce72fd29cbde93209977b196a2edae03f8490d1bd8158e7f1daf3a0/psycopg2_binary-2.9.11-cp314-cp314-manylinux2014_aarch64.manylinux_2_17_aarch64.whl", hash = "sha256:9b52a3f9bb540a3e4ec0f6ba6d31339727b2950c9772850d6545b7eae0b9d7c5", size = 4411646, upload-time = "2025-10-10T11:13:24.432Z" },
    { url = "https://files.pythonhosted.org/packages/5a/bd/a335ce6645334fb8d758cc358810defca14a1d19ffbc8a10bd38a2328565/psycopg2_binary-2.9.11-cp314-cp314-manylinux2014_ppc64le.manylinux_2_17_ppc64le.whl", hash = "sha256:db4fd476874ccfdbb630a54426964959e58da4c61c9feba73e6094d51303d7d8", size = 4468701, upload-time = "2025-10-10T11:13:29.266Z" },
    { url = "https://files.pythonhosted.org/packages/44/d6/c8b4f53f34e295e45709b7568bf9b9407a612ea30387d35eb9fa84f269b4/psycopg2_binary-2.9.11-cp314-cp314-manylinux2014_x86_64.manylinux_2_17_x86_64.whl", hash = "sha256:47f212c1d3be608a12937cc131bd85502954398aaa1320cb4c14421a0ffccf4c", size = 4166293, upload-time = "2025-10-10T11:13:33.336Z" },
    { url = "https://files.pythonhosted.org/packages/4b/e0/f8cc36eadd1b716ab36bb290618a3292e009867e5c97ce4aba908cb99644/psycopg2_binary-2.9.11-cp314-cp314-manylinux_2_38_riscv64.manylinux_2_39_riscv64.whl", hash = "sha256:e35b7abae2b0adab776add56111df1735ccc71406e56203515e228a8dc07089f", size = 3983184, upload-time = "2025-10-30T02:55:32.483Z" },
    { url = "https://files.pythonhosted.org/packages/53/3e/2a8fe18a4e61cfb3417da67b6318e12691772c0696d79434184a511906dc/psycopg2_binary-2.9.11-cp314-cp314-musllinux_1_2_aarch64.whl", hash = "sha256:fcf21be3ce5f5659daefd2b3b3b6e4727b028221ddc94e6c1523425579664747", size = 3652650, upload-time = "2025-10-10T11:13:38.181Z" },
    { url = "https://files.pythonhosted.org/packages/76/36/03801461b31b29fe58d228c24388f999fe814dfc302856e0d17f97d7c54d/psycopg2_binary-2.9.11-cp314-cp314-musllinux_1_2_ppc64le.whl", hash = "sha256:9bd81e64e8de111237737b29d68039b9c813bdf520156af36d26819c9a979e5f", size = 3298663, upload-time = "2025-10-10T11:13:44.878Z" },
    { url = "https://files.pythonhosted.org/packages/97/77/21b0ea2e1a73aa5fa9222b2a6b8ba325c43c3a8d54272839c991f2345656/psycopg2_binary-2.9.11-cp314-cp314-musllinux_1_2_riscv64.whl", hash = "sha256:32770a4d666fbdafab017086655bcddab791d7cb260a16679cc5a7338b64343b", size = 3044737, upload-time = "2025-10-30T02:55:35.69Z" },
    { url = "https://files.pythonhosted.org/packages/67/69/f36abe5f118c1dca6d3726ceae164b9356985805480731ac6712a63f24f0/psycopg2_binary-2.9.11-cp314-cp314-musllinux_1_2_x86_64.whl", hash = "sha256:c3cb3a676873d7506825221045bd70e0427c905b9c8ee8d6acd70cfcbd6e576d", size = 3347643, upload-time = "2025-10-10T11:13:53.499Z" },
    { url = "https://files.pythonhosted.org/packages/e1/36/9c0c326fe3a4227953dfb29f5d0c8ae3b8eb8c1cd2967aa569f50cb3c61f/psycopg2_binary-2.9.11-cp314-cp314-win_amd64.whl", hash = "sha256:4012c9c954dfaccd28f94e84ab9f94e12df76b4afb22331b1f0d3154893a6316", size = 2803913, upload-time = "2025-10-10T11:13:57.058Z" },
]

[[package]]
name = "python-dotenv"
version = "1.2.2"
source = { registry = "https://pypi.org/simple" }
sdist = { url = "https://files.pythonhosted.org/packages/82/ed/0301aeeac3e5353ef3d94b6ec08bbcabd04a72018415dcb29e588514bba8/python_dotenv-1.2.2.tar.gz", hash = "sha256:2c371a91fbd7ba082c2c1dc1f8bf89ca22564a087c2c287cd9b662adde799cf3", size = 50135, upload-time = "2026-03-01T16:00:26.196Z" }
wheels = [
    { url = "https://files.pythonhosted.org/packages/0b/d7/1959b9648791274998a9c3526f6d0ec8fd2233e4d4acce81bbae76b44b2a/python_dotenv-1.2.2-py3-none-any.whl", hash = "sha256:1d8214789a24de455a8b8bd8ae6fe3c6b69a5e3d64aa8a8e5d68e694bbcb285a", size = 22101, upload-time = "2026-03-01T16:00:25.09Z" },
]

[[package]]
name = "scipy"
version = "1.17.1"
source = { registry = "https://pypi.org/simple" }
dependencies = [
    { name = "numpy" },
]
sdist = { url = "https://files.pythonhosted.org/packages/7a/97/5a3609c4f8d58b039179648e62dd220f89864f56f7357f5d4f45c29eb2cc/scipy-1.17.1.tar.gz", hash = "sha256:95d8e012d8cb8816c226aef832200b1d45109ed4464303e997c5b13122b297c0", size = 30573822, upload-time = "2026-02-23T00:26:24.851Z" }
wheels = [
    { url = "https://files.pythonhosted.org/packages/cf/83/333afb452af6f0fd70414dc04f898647ee1423979ce02efa75c3b0f2c28e/scipy-1.17.1-cp314-cp314-macosx_10_14_x86_64.whl", hash = "sha256:a48a72c77a310327f6a3a920092fa2b8fd03d7deaa60f093038f22d98e096717", size = 31584510, upload-time = "2026-02-23T00:21:01.015Z" },
    { url = "https://files.pythonhosted.org/packages/ed/a6/d05a85fd51daeb2e4ea71d102f15b34fedca8e931af02594193ae4fd25f7/scipy-1.17.1-cp314-cp314-macosx_12_0_arm64.whl", hash = "sha256:45abad819184f07240d8a696117a7aacd39787af9e0b719d00285549ed19a1e9", size = 28170131, upload-time = "2026-02-23T00:21:05.888Z" },
    { url = "https://files.pythonhosted.org/packages/db/7b/8624a203326675d7746a254083a187398090a179335b2e4a20e2ddc46e83/scipy-1.17.1-cp314-cp314-macosx_14_0_arm64.whl", hash = "sha256:3fd1fcdab3ea951b610dc4cef356d416d5802991e7e32b5254828d342f7b7e0b", size = 20342032, upload-time = "2026-02-23T00:21:09.904Z" },
    { url = "https://files.pythonhosted.org/packages/c9/35/2c342897c00775d688d8ff3987aced3426858fd89d5a0e26e020b660b301/scipy-1.17.1-cp314-cp314-macosx_14_0_x86_64.whl", hash = "sha256:7bdf2da170b67fdf10bca777614b1c7d96ae3ca5794fd9587dce41eb2966e866", size = 22678766, upload-time = "2026-02-23T00:21:14.313Z" },
    { url = "https://files.pythonhosted.org/packages/ef/f2/7cdb8eb308a1a6ae1e19f945913c82c23c0c442a462a46480ce487fdc0ac/scipy-1.17.1-cp314-cp314-manylinux_2_27_aarch64.manylinux_2_28_aarch64.whl", hash = "sha256:adb2642e060a6549c343603a3851ba76ef0b74cc8c079a9a58121c7ec9fe2350", size = 32957007, upload-time = "2026-02-23T00:21:19.663Z" },
    { url = "https://files.pythonhosted.org/packages/0b/2e/7eea398450457ecb54e18e9d10110993fa65561c4f3add5e8eccd2b9cd41/scipy-1.17.1-cp314-cp314-manylinux_2_27_x86_64.manylinux_2_28_x86_64.whl", hash = "sha256:eee2cfda04c00a857206a4330f0c5e3e56535494e30ca445eb19ec624ae75118", size = 35221333, upload-time = "2026-02-23T00:21:25.278Z" },
    { url = "https://files.pythonhosted.org/packages/d9/77/5b8509d03b77f093a0d52e606d3c4f79e8b06d1d38c441dacb1e26cacf46/scipy-1.17.1-cp314-cp314-musllinux_1_2_aarch64.whl", hash = "sha256:d2650c1fb97e184d12d8ba010493ee7b322864f7d3d00d3f9bb97d9c21de4068", size = 35042066, upload-time = "2026-02-23T00:21:31.358Z" },
    { url = "https://files.pythonhosted.org/packages/f9/df/18f80fb99df40b4070328d5ae5c596f2f00fffb50167e31439e932f29e7d/scipy-1.17.1-cp314-cp314-musllinux_1_2_x86_64.whl", hash = "sha256:08b900519463543aa604a06bec02461558a6e1cef8fdbb8098f77a48a83c8118", size = 37612763, upload-time = "2026-02-23T00:21:37.247Z" },
    { url = "https://files.pythonhosted.org/packages/4b/39/f0e8ea762a764a9dc52aa7dabcfad51a354819de1f0d4652b6a1122424d6/scipy-1.17.1-cp314-cp314-win_amd64.whl", hash = "sha256:3877ac408e14da24a6196de0ddcace62092bfc12a83823e92e49e40747e52c19", size = 37290984, upload-time = "2026-02-23T00:22:35.023Z" },
    { url = "https://files.pythonhosted.org/packages/7c/56/fe201e3b0f93d1a8bcf75d3379affd228a63d7e2d80ab45467a74b494947/scipy-1.17.1-cp314-cp314-win_arm64.whl", hash = "sha256:f8885db0bc2bffa59d5c1b72fad7a6a92d3e80e7257f967dd81abb553a90d293", size = 25192877, upload-time = "2026-02-23T00:22:39.798Z" },
    { url = "https://files.pythonhosted.org/packages/96/ad/f8c414e121f82e02d76f310f16db9899c4fcde36710329502a6b2a3c0392/scipy-1.17.1-cp314-cp314t-macosx_10_14_x86_64.whl", hash = "sha256:1cc682cea2ae55524432f3cdff9e9a3be743d52a7443d0cba9017c23c87ae2f6", size = 31949750, upload-time = "2026-02-23T00:21:42.289Z" },
    { url = "https://files.pythonhosted.org/packages/7c/b0/c741e8865d61b67c81e255f4f0a832846c064e426636cd7de84e74d209be/scipy-1.17.1-cp314-cp314t-macosx_12_0_arm64.whl", hash = "sha256:2040ad4d1795a0ae89bfc7e8429677f365d45aa9fd5e4587cf1ea737f927b4a1", size = 28585858, upload-time = "2026-02-23T00:21:47.706Z" },
    { url = "https://files.pythonhosted.org/packages/ed/1b/3985219c6177866628fa7c2595bfd23f193ceebbe472c98a08824b9466ff/scipy-1.17.1-cp314-cp314t-macosx_14_0_arm64.whl", hash = "sha256:131f5aaea57602008f9822e2115029b55d4b5f7c070287699fe45c661d051e39", size = 20757723, upload-time = "2026-02-23T00:21:52.039Z" },
    { url = "https://files.pythonhosted.org/packages/c0/19/2a04aa25050d656d6f7b9e7b685cc83d6957fb101665bfd9369ca6534563/scipy-1.17.1-cp314-cp314t-macosx_14_0_x86_64.whl", hash = "sha256:9cdc1a2fcfd5c52cfb3045feb399f7b3ce822abdde3a193a6b9a60b3cb5854ca", size = 23043098, upload-time = "2026-02-23T00:21:56.185Z" },
    { url = "https://files.pythonhosted.org/packages/86/f1/3383beb9b5d0dbddd030335bf8a8b32d4317185efe495374f134d8be6cce/scipy-1.17.1-cp314-cp314t-manylinux_2_27_aarch64.manylinux_2_28_aarch64.whl", hash = "sha256:6e3dcd57ab780c741fde8dc68619de988b966db759a3c3152e8e9142c26295ad", size = 33030397, upload-time = "2026-02-23T00:22:01.404Z" },
    { url = "https://files.pythonhosted.org/packages/41/68/8f21e8a65a5a03f25a79165ec9d2b28c00e66dc80546cf5eb803aeeff35b/scipy-1.17.1-cp314-cp314t-manylinux_2_27_x86_64.manylinux_2_28_x86_64.whl", hash = "sha256:a9956e4d4f4a301ebf6cde39850333a6b6110799d470dbbb1e25326ac447f52a", size = 35281163, upload-time = "2026-02-23T00:22:07.024Z" },
    { url = "https://files.pythonhosted.org/packages/84/8d/c8a5e19479554007a5632ed7529e665c315ae7492b4f946b0deb39870e39/scipy-1.17.1-cp314-cp314t-musllinux_1_2_aarch64.whl", hash = "sha256:a4328d245944d09fd639771de275701ccadf5f781ba0ff092ad141e017eccda4", size = 35116291, upload-time = "2026-02-23T00:22:12.585Z" },
    { url = "https://files.pythonhosted.org/packages/52/52/e57eceff0e342a1f50e274264ed47497b59e6a4e3118808ee58ddda7b74a/scipy-1.17.1-cp314-cp314t-musllinux_1_2_x86_64.whl", hash = "sha256:a77cbd07b940d326d39a1d1b37817e2ee4d79cb30e7338f3d0cddffae70fcaa2", size = 37682317, upload-time = "2026-02-23T00:22:18.513Z" },
    { url = "https://files.pythonhosted.org/packages/11/2f/b29eafe4a3fbc3d6de9662b36e028d5f039e72d345e05c250e121a230dd4/scipy-1.17.1-cp314-cp314t-win_amd64.whl", hash = "sha256:eb092099205ef62cd1782b006658db09e2fed75bffcae7cc0d44052d8aa0f484", size = 37345327, upload-time = "2026-02-23T00:22:24.442Z" },
    { url = "https://files.pythonhosted.org/packages/07/39/338d9219c4e87f3e708f18857ecd24d22a0c3094752393319553096b98af/scipy-1.17.1-cp314-cp314t-win_arm64.whl", hash = "sha256:200e1050faffacc162be6a486a984a0497866ec54149a01270adc8a59b7c7d21", size = 25489165, upload-time = "2026-02-23T00:22:29.563Z" },
]

[[package]]
name = "sqlparse"
version = "0.5.5"
source = { registry = "https://pypi.org/simple" }
sdist = { url = "https://files.pythonhosted.org/packages/90/76/437d71068094df0726366574cf3432a4ed754217b436eb7429415cf2d480/sqlparse-0.5.5.tar.gz", hash = "sha256:e20d4a9b0b8585fdf63b10d30066c7c94c5d7a7ec47c889a2d83a3caa93ff28e", size = 120815, upload-time = "2025-12-19T07:17:45.073Z" }
wheels = [
    { url = "https://files.pythonhosted.org/packages/49/4b/359f28a903c13438ef59ebeee215fb25da53066db67b305c125f1c6d2a25/sqlparse-0.5.5-py3-none-any.whl", hash = "sha256:12a08b3bf3eec877c519589833aed092e2444e68240a3577e8e26148acc7b1ba", size = 46138, upload-time = "2025-12-19T07:17:46.573Z" },
]

[[package]]
name = "tzdata"
version = "2025.3"
source = { registry = "https://pypi.org/simple" }
sdist = { url = "https://files.pythonhosted.org/packages/5e/a7/c202b344c5ca7daf398f3b8a477eeb205cf3b6f32e7ec3a6bac0629ca975/tzdata-2025.3.tar.gz", hash = "sha256:de39c2ca5dc7b0344f2eba86f49d614019d29f060fc4ebc8a417896a620b56a7", size = 196772, upload-time = "2025-12-13T17:45:35.667Z" }
wheels = [
    { url = "https://files.pythonhosted.org/packages/c7/b0/003792df09decd6849a5e39c28b513c06e84436a54440380862b5aeff25d/tzdata-2025.3-py2.py3-none-any.whl", hash = "sha256:06a47e5700f3081aab02b2e513160914ff0694bce9947d6b76ebd6bf57cfc5d1", size = 348521, upload-time = "2025-12-13T17:45:33.889Z" },
]

[[package]]
name = "xgboost"
version = "3.2.0"
source = { registry = "https://pypi.org/simple" }
dependencies = [
    { name = "numpy" },
    { name = "nvidia-nccl-cu12", marker = "sys_platform == 'linux'" },
    { name = "scipy" },
]
sdist = { url = "https://files.pythonhosted.org/packages/91/bb/1eb0242409d22db725d7a88088e6cfd6556829fb0736f9ff69aa9f1e9455/xgboost-3.2.0.tar.gz", hash = "sha256:99b0e9a2a64896cdaf509c5e46372d336c692406646d20f2af505003c0c5d70d", size = 1263936, upload-time = "2026-02-10T11:03:05.542Z" }
wheels = [
    { url = "https://files.pythonhosted.org/packages/2d/49/6e4cdd877c24adf56cb3586bc96d93d4dcd780b5ea1efb32e1ee0de08bae/xgboost-3.2.0-py3-none-macosx_10_15_x86_64.whl", hash = "sha256:2f661966d3e322536d9c448090a870fcba1e32ee5760c10b7c46bac7a342079a", size = 2507014, upload-time = "2026-02-10T10:50:57.44Z" },
    { url = "https://files.pythonhosted.org/packages/93/f1/c09ef1add609453aa3ba5bafcd0d1c1a805c1263c0b60138ec968f8ec296/xgboost-3.2.0-py3-none-macosx_12_0_arm64.whl", hash = "sha256:eabbd40d474b8dbf6cb3536325f9150b9e6f0db32d18de9914fb3227d0bef5b7", size = 2328527, upload-time = "2026-02-10T10:51:17.502Z" },
    { url = "https://files.pythonhosted.org/packages/96/9f/d9914a7b8df842832850b1a18e5f47aaa071c217cdd1da2ae9deb291018b/xgboost-3.2.0-py3-none-manylinux_2_28_aarch64.whl", hash = "sha256:852eabc6d3b3702a59bf78dbfdcd1cb9c4d3a3b6e5ed1f8781d8b9512354fdd2", size = 131100954, upload-time = "2026-02-10T11:02:42.704Z" },
    { url = "https://files.pythonhosted.org/packages/79/98/679de17c2caa4fd3b0b4386ecf7377301702cb0afb22930a07c142fcb1d8/xgboost-3.2.0-py3-none-manylinux_2_28_x86_64.whl", hash = "sha256:99b4a6bbcb47212fec5cf5fbe12347215f073c08967431b0122cfbd1ee70312c", size = 131748579, upload-time = "2026-02-10T10:54:40.424Z" },
    { url = "https://files.pythonhosted.org/packages/1f/3d/1661dd114a914a67e3f7ab66fa1382e7599c2a8c340f314ad30a3e2b4d08/xgboost-3.2.0-py3-none-win_amd64.whl", hash = "sha256:0d169736fd836fc13646c7ab787167b3a8110351c2c6bc770c755ee1618f0442", size = 101681668, upload-time = "2026-02-10T10:59:31.202Z" },
]
